{
  "projects": [
    {
      "projectId": "hMHVnEgKCHqmbs9i49R9rv",
      "version": "latest",
      "dependencies": {},
      "lang": "ts",
      "fileLocks": [
        {
          "type": "globalVariant",
          "assetId": "Mpz4IKvZIe9W",
          "checksum": "b1b7a696aa8d463c9a4f984fd219a92f"
        },
        {
          "type": "renderModule",
          "assetId": "yAu2w-50fbH",
          "checksum": "701fe99ca6c573cbf0048c049282b36d"
        },
        {
          "type": "cssRules",
          "assetId": "yAu2w-50fbH",
          "checksum": "701fe99ca6c573cbf0048c049282b36d"
        },
        {
          "type": "renderModule",
          "assetId": "IyIs__-7z4p",
          "checksum": "199747b1e72cd6fbb5018a50219d3bc0"
        },
        {
          "type": "cssRules",
          "assetId": "IyIs__-7z4p",
          "checksum": "199747b1e72cd6fbb5018a50219d3bc0"
        },
        {
          "type": "renderModule",
          "assetId": "BH7mdVRR6kf",
          "checksum": "d29b26e919bf3084486a2307ee7ca01c"
        },
        {
          "type": "cssRules",
          "assetId": "BH7mdVRR6kf",
          "checksum": "d29b26e919bf3084486a2307ee7ca01c"
        },
        {
          "type": "renderModule",
          "assetId": "bv_MRIPv_2ll",
          "checksum": "6fd189cc4cec2395996e522e045f4874"
        },
        {
          "type": "cssRules",
          "assetId": "bv_MRIPv_2ll",
          "checksum": "6fd189cc4cec2395996e522e045f4874"
        },
        {
          "type": "renderModule",
          "assetId": "4U7GBFidZD-Z",
          "checksum": "490dc4246f0662376b9760f747d4d67d"
        },
        {
          "type": "cssRules",
          "assetId": "4U7GBFidZD-Z",
          "checksum": "490dc4246f0662376b9760f747d4d67d"
        },
        {
          "type": "renderModule",
          "assetId": "T8T_aZ-pF5ms",
          "checksum": "7dd8008320d8e1a96d5e6bbe8a7a6e88"
        },
        {
          "type": "cssRules",
          "assetId": "T8T_aZ-pF5ms",
          "checksum": "7dd8008320d8e1a96d5e6bbe8a7a6e88"
        },
        {
          "type": "renderModule",
          "assetId": "3gQqlFL5ZW_W",
          "checksum": "49d4b79460c0558652926d7177eec57f"
        },
        {
          "type": "cssRules",
          "assetId": "3gQqlFL5ZW_W",
          "checksum": "49d4b79460c0558652926d7177eec57f"
        },
        {
          "type": "renderModule",
          "assetId": "i-ypZPxxmHq7",
          "checksum": "4da8bfe97cc5c63db2e28dd09f805055"
        },
        {
          "type": "cssRules",
          "assetId": "i-ypZPxxmHq7",
          "checksum": "4da8bfe97cc5c63db2e28dd09f805055"
        },
        {
          "type": "renderModule",
          "assetId": "WACyS-tsqYl2",
          "checksum": "e32801e89b5f72d940b18466de3007a8"
        },
        {
          "type": "cssRules",
          "assetId": "WACyS-tsqYl2",
          "checksum": "e32801e89b5f72d940b18466de3007a8"
        },
        {
          "type": "icon",
          "assetId": "vitDHM3COZzM",
          "checksum": "1e6b4071c5b1e17cf589161974c7de53"
        },
        {
          "type": "icon",
          "assetId": "7y1qa6ONnzak",
          "checksum": "e8ccb36f8a97d75f70549ed4ad75e0c1"
        },
        {
          "type": "icon",
          "assetId": "qw8SmQ32WFCL",
          "checksum": "8c4cdc6853cfa8966b8efe9253c4f676"
        },
        {
          "type": "icon",
          "assetId": "68dmfSKZnYN6",
          "checksum": "afdd430679e7a513a1e6d0be53847407"
        },
        {
          "type": "icon",
          "assetId": "P5srEezaCB97",
          "checksum": "2082dcf70f664a6d814b5fd87e6db227"
        },
        {
          "type": "icon",
          "assetId": "YXue6X8gtEfm",
          "checksum": "e7be5b1dcee2a653c6b9518d229df4b0"
        },
        {
          "type": "icon",
          "assetId": "eRR9GJDxmbP6",
          "checksum": "81154e8e732a113287ae6635a7b7b861"
        },
        {
          "type": "icon",
          "assetId": "Id1TTdItoPeX",
          "checksum": "950ff255159053f59b559754f4d1645e"
        },
        {
          "type": "icon",
          "assetId": "AmWf9xdQq-e1",
          "checksum": "70959a09e61a7a1e609793506e3631ec"
        },
        {
          "type": "icon",
          "assetId": "-KsF0Rft_Unj",
          "checksum": "493b0829e12ff7cbfe6611e07bfa0da4"
        },
        {
          "type": "icon",
          "assetId": "41QU5_Adhm-Y",
          "checksum": "978fe4a1e488e8636e68dd59144623b5"
        },
        {
          "type": "icon",
          "assetId": "1mbKSDkdUB17",
          "checksum": "187fcef90047252dae98e43ad4ca7b3d"
        },
        {
          "type": "icon",
          "assetId": "YseLkJjiHfZt",
          "checksum": "1ae7857efb892934aa436bbf7aecf04a"
        },
        {
          "type": "icon",
          "assetId": "woyo0VCQj8K7",
          "checksum": "88550af0a8e7e2e4c053a260d65055b3"
        },
        {
          "type": "icon",
          "assetId": "7zmOerdQkk5W",
          "checksum": "b34fc5a689a27949a588c2269c00ccb0"
        },
        {
          "type": "icon",
          "assetId": "-wi-qGwB3JxI",
          "checksum": "bb9cfe57f9e0eb740590d92a4d44d6c0"
        },
        {
          "type": "icon",
          "assetId": "mgzT6KRXTMkZ",
          "checksum": "938509052a395a03da0f3b8ec8ce75be"
        },
        {
          "type": "icon",
          "assetId": "Z2ShTdodBXQy",
          "checksum": "95afa0a0035ca042fa38ea09205e211f"
        },
        {
          "type": "icon",
          "assetId": "0laxwXH72Mog",
          "checksum": "5dfa6d36eba2f917cca4509446963edc"
        },
        {
          "type": "icon",
          "assetId": "0s9wvHHHLh0D",
          "checksum": "fb2b572614d7fa1ca194ef0185c1df34"
        },
        {
          "type": "icon",
          "assetId": "GzZFO5BZh8Ze",
          "checksum": "250d1c5ef85861d5525a9f76337be21c"
        },
        {
          "type": "icon",
          "assetId": "yUbVhiq5JlYs",
          "checksum": "a1b1a31ad79280168f31ac4333b8f56b"
        },
        {
          "type": "icon",
          "assetId": "Dbe69f6YScP3",
          "checksum": "8764f53431e0ac3a5bbb9ee74da08f8f"
        },
        {
          "type": "icon",
          "assetId": "GNJW3xqyvyld",
          "checksum": "65c387137195fb547ef50f3f42a29cb4"
        },
        {
          "type": "icon",
          "assetId": "t81Q1bWpOEDO",
          "checksum": "56620f624a76e43248fc7983995793f1"
        },
        {
          "type": "icon",
          "assetId": "am13N2SVLTO2",
          "checksum": "c7ebf46e7dbb8913f53c293374d5e4f7"
        },
        {
          "type": "icon",
          "assetId": "6Cd850r_u2Qo",
          "checksum": "1ccff1d028d32355415350c84f8e4bae"
        },
        {
          "type": "icon",
          "assetId": "_KRBM1jHguuU",
          "checksum": "00b3cb081b5ca428c2924e355e1ee62a"
        },
        {
          "type": "icon",
          "assetId": "1Jh8FkMX_bUS",
          "checksum": "8fa429993a756ac320c6c319759d2292"
        },
        {
          "type": "icon",
          "assetId": "il0py2bxhpYR",
          "checksum": "807af04ef07be70832eb77f21e0f4eef"
        },
        {
          "type": "icon",
          "assetId": "OJsUog-ZyqoF",
          "checksum": "92d7b7795f2e89b70db27074d84882d2"
        },
        {
          "type": "icon",
          "assetId": "kJRLwpVtlCt7",
          "checksum": "1a621d829cd07fdd7c70e8f65afdd844"
        },
        {
          "type": "icon",
          "assetId": "yNc3dVM6EKdH",
          "checksum": "294c80744bbffc17679923daed1b2d9a"
        },
        {
          "type": "icon",
          "assetId": "B9-i7VmNPpaA",
          "checksum": "0c85142b9737d41e69dd1aee85640bfc"
        },
        {
          "type": "image",
          "assetId": "ev9XLgxOEr9m",
          "checksum": "2dccb24167afa07e4e1b00b75b14e182"
        },
        {
          "type": "image",
          "assetId": "K8LG82aeygQu",
          "checksum": "113c0930cc1bdc9be59f42ae95311dde"
        },
        {
          "type": "image",
          "assetId": "8tHV25ZkougL",
          "checksum": "d7627e4b31e2a87bfb10b33a3575391e"
        },
        {
          "type": "image",
          "assetId": "Tc4PXtjfK5bT",
          "checksum": "1e8c08d61fc20a0b95d492d46a4ceb52"
        },
        {
          "type": "image",
          "assetId": "O71voxlFBHL4",
          "checksum": "3b7df560a0c2eadd631bf299dd3c2880"
        },
        {
          "type": "image",
          "assetId": "sD1CQyhEiB09",
          "checksum": "57a227e8a17f2a9131906ff31cbf7ec1"
        },
        {
          "type": "image",
          "assetId": "zuqK5Tne8Cuc",
          "checksum": "d11c014422d66a1eacf45d41d28e5923"
        },
        {
          "type": "image",
          "assetId": "CyUoQFQXiRyL",
          "checksum": "fd2148e70eef2119ba8d2149171b8faf"
        },
        {
          "type": "image",
          "assetId": "zDFb_rojPdMu",
          "checksum": "0f90424ab4380ff51979b6400eae1374"
        },
        {
          "type": "image",
          "assetId": "yBoEbRz6oGiu",
          "checksum": "b0203be33a4edb36c013d5dc8e117a0d"
        },
        {
          "type": "image",
          "assetId": "DWAxYfIwgAj5",
          "checksum": "3171a103486163855f82edb5e9d1f1de"
        },
        {
          "assetId": "hMHVnEgKCHqmbs9i49R9rv",
          "type": "projectCss",
          "checksum": "46241865ca03e6a2d0cf208e4442d7b0"
        }
      ]
    }
  ],
  "cliVersion": "0.1.164"
}
